
Microsoft Visual Studio Solution File, Format Version 12.00
# Visual Studio Version 16
VisualStudioVersion = 16.0.30204.135
MinimumVisualStudioVersion = 10.0.40219.1
Project("{FAE04EC0-301F-11D3-BF4B-00C04F79EFBC}") = "Věk", "Věk\Věk.csproj", "{8C199198-7B40-45FE-9C01-E6DFCCB0B2FE}"
EndProject
Global
	GlobalSection(SolutionConfigurationPlatforms) = preSolution
		Debug|Any CPU = Debug|Any CPU
		Release|Any CPU = Release|Any CPU
	EndGlobalSection
	GlobalSection(ProjectConfigurationPlatforms) = postSolution
		{8C199198-7B40-45FE-9C01-E6DFCCB0B2FE}.Debug|Any CPU.ActiveCfg = Debug|Any CPU
		{8C199198-7B40-45FE-9C01-E6DFCCB0B2FE}.Debug|Any CPU.Build.0 = Debug|Any CPU
		{8C199198-7B40-45FE-9C01-E6DFCCB0B2FE}.Release|Any CPU.ActiveCfg = Release|Any CPU
		{8C199198-7B40-45FE-9C01-E6DFCCB0B2FE}.Release|Any CPU.Build.0 = Release|Any CPU
	EndGlobalSection
	GlobalSection(SolutionProperties) = preSolution
		HideSolutionNode = FALSE
	EndGlobalSection
	GlobalSection(ExtensibilityGlobals) = postSolution
		SolutionGuid = {A8B7BE1F-C751-405C-A33A-1E6D7B1519F1}
	EndGlobalSection
EndGlobal
